
Microsoft Visual Studio Solution File, Format Version 12.00
# Visual Studio Version 17
VisualStudioVersion = 17.13.35825.156 d17.13
MinimumVisualStudioVersion = 10.0.40219.1
Project("{FAE04EC0-301F-11D3-BF4B-00C04F79EFBC}") = "AsistanOllama", "AsistanOllama\AsistanOllama.csproj", "{A04F9E36-7198-4D37-B4EF-762F8C96CA2C}"
EndProject
Global
	GlobalSection(SolutionConfigurationPlatforms) = preSolution
		Debug|Any CPU = Debug|Any CPU
		Release|Any CPU = Release|Any CPU
	EndGlobalSection
	GlobalSection(ProjectConfigurationPlatforms) = postSolution
		{A04F9E36-7198-4D37-B4EF-762F8C96CA2C}.Debug|Any CPU.ActiveCfg = Debug|Any CPU
		{A04F9E36-7198-4D37-B4EF-762F8C96CA2C}.Debug|Any CPU.Build.0 = Debug|Any CPU
		{A04F9E36-7198-4D37-B4EF-762F8C96CA2C}.Release|Any CPU.ActiveCfg = Release|Any CPU
		{A04F9E36-7198-4D37-B4EF-762F8C96CA2C}.Release|Any CPU.Build.0 = Release|Any CPU
	EndGlobalSection
	GlobalSection(SolutionProperties) = preSolution
		HideSolutionNode = FALSE
	EndGlobalSection
	GlobalSection(ExtensibilityGlobals) = postSolution
		SolutionGuid = {249C8697-1559-42CA-ACE7-D9D37C49C415}
	EndGlobalSection
EndGlobal
